// !$*UTF8*$!
{
	archiveVersion = 1;
	classes = {
	};
	objectVersion = 50;
	objects = {

/* Begin PBXBuildFile section */
		04448ED425F6E64300E29675 /* AppDelegate.swift in Sources */ = {isa = PBXBuildFile; fileRef = 04448ED325F6E64300E29675 /* AppDelegate.swift */; };
		04448ED625F6E64300E29675 /* SceneDelegate.swift in Sources */ = {isa = PBXBuildFile; fileRef = 04448ED525F6E64300E29675 /* SceneDelegate.swift */; };
		04448ED825F6E64300E29675 /* MemeEditorViewController.swift in Sources */ = {isa = PBXBuildFile; fileRef = 04448ED725F6E64300E29675 /* MemeEditorViewController.swift */; };
		04448EDB25F6E64300E29675 /* Main.storyboard in Resources */ = {isa = PBXBuildFile; fileRef = 04448ED925F6E64300E29675 /* Main.storyboard */; };
		04448EDD25F6E64800E29675 /* Assets.xcassets in Resources */ = {isa = PBXBuildFile; fileRef = 04448EDC25F6E64800E29675 /* Assets.xcassets */; };
		04448EE025F6E64800E29675 /* LaunchScreen.storyboard in Resources */ = {isa = PBXBuildFile; fileRef = 04448EDE25F6E64800E29675 /* LaunchScreen.storyboard */; };
		048A47BC25F8CE890041A4BB /* Meme.swift in Sources */ = {isa = PBXBuildFile; fileRef = 048A47BB25F8CE890041A4BB /* Meme.swift */; };
		048A47CA26017E4E0041A4BB /* MemeTableViewController.swift in Sources */ = {isa = PBXBuildFile; fileRef = 048A47C926017E4E0041A4BB /* MemeTableViewController.swift */; };
		048A47CE26017E900041A4BB /* MemeCollectionViewController.swift in Sources */ = {isa = PBXBuildFile; fileRef = 048A47CD26017E900041A4BB /* MemeCollectionViewController.swift */; };
		048A47D6260189E70041A4BB /* MemeCollectionViewCell.swift in Sources */ = {isa = PBXBuildFile; fileRef = 048A47D5260189E70041A4BB /* MemeCollectionViewCell.swift */; };
		048A47DA260192170041A4BB /* MemeDetailViewController.swift in Sources */ = {isa = PBXBuildFile; fileRef = 048A47D9260192170041A4BB /* MemeDetailViewController.swift */; };
		048A47E22601A87B0041A4BB /* MemeTableViewCell.swift in Sources */ = {isa = PBXBuildFile; fileRef = 048A47E12601A87B0041A4BB /* MemeTableViewCell.swift */; };
/* End PBXBuildFile section */

/* Begin PBXFileReference section */
		04448ED025F6E64300E29675 /* MemeMe 2.0.app */ = {isa = PBXFileReference; explicitFileType = wrapper.application; includeInIndex = 0; path = "MemeMe 2.0.app"; sourceTree = BUILT_PRODUCTS_DIR; };
		04448ED325F6E64300E29675 /* AppDelegate.swift */ = {isa = PBXFileReference; lastKnownFileType = sourcecode.swift; path = AppDelegate.swift; sourceTree = "<group>"; };
		04448ED525F6E64300E29675 /* SceneDelegate.swift */ = {isa = PBXFileReference; lastKnownFileType = sourcecode.swift; path = SceneDelegate.swift; sourceTree = "<group>"; };
		04448ED725F6E64300E29675 /* MemeEditorViewController.swift */ = {isa = PBXFileReference; lastKnownFileType = sourcecode.swift; path = MemeEditorViewController.swift; sourceTree = "<group>"; };
		04448EDA25F6E64300E29675 /* Base */ = {isa = PBXFileReference; lastKnownFileType = file.storyboard; name = Base; path = Base.lproj/Main.storyboard; sourceTree = "<group>"; };
		04448EDC25F6E64800E29675 /* Assets.xcassets */ = {isa = PBXFileReference; lastKnownFileType = folder.assetcatalog; path = Assets.xcassets; sourceTree = "<group>"; };
		04448EDF25F6E64800E29675 /* Base */ = {isa = PBXFileReference; lastKnownFileType = file.storyboard; name = Base; path = Base.lproj/LaunchScreen.storyboard; sourceTree = "<group>"; };
		04448EE125F6E64800E29675 /* Info.plist */ = {isa = PBXFileReference; lastKnownFileType = text.plist.xml; path = Info.plist; sourceTree = "<group>"; };
		048A47BB25F8CE890041A4BB /* Meme.swift */ = {isa = PBXFileReference; lastKnownFileType = sourcecode.swift; path = Meme.swift; sourceTree = "<group>"; };
		048A47C926017E4E0041A4BB /* MemeTableViewController.swift */ = {isa = PBXFileReference; lastKnownFileType = sourcecode.swift; path = MemeTableViewController.swift; sourceTree = "<group>"; };
		048A47CD26017E900041A4BB /* MemeCollectionViewController.swift */ = {isa = PBXFileReference; lastKnownFileType = sourcecode.swift; path = MemeCollectionViewController.swift; sourceTree = "<group>"; };
		048A47D5260189E70041A4BB /* MemeCollectionViewCell.swift */ = {isa = PBXFileReference; lastKnownFileType = sourcecode.swift; path = MemeCollectionViewCell.swift; sourceTree = "<group>"; };
		048A47D9260192170041A4BB /* MemeDetailViewController.swift */ = {isa = PBXFileReference; lastKnownFileType = sourcecode.swift; path = MemeDetailViewController.swift; sourceTree = "<group>"; };
		048A47E12601A87B0041A4BB /* MemeTableViewCell.swift */ = {isa = PBXFileReference; lastKnownFileType = sourcecode.swift; path = MemeTableViewCell.swift; sourceTree = "<group>"; };
/* End PBXFileReference section */

/* Begin PBXFrameworksBuildPhase section */
		04448ECD25F6E64300E29675 /* Frameworks */ = {
			isa = PBXFrameworksBuildPhase;
			buildActionMask = 2147483647;
			files = (
			);
			runOnlyForDeploymentPostprocessing = 0;
		};
/* End PBXFrameworksBuildPhase section */

/* Begin PBXGroup section */
		04448EC725F6E64300E29675 = {
			isa = PBXGroup;
			children = (
				04448ED225F6E64300E29675 /* MemeMe 2.0 */,
				04448EDE25F6E64800E29675 /* LaunchScreen.storyboard */,
				04448ED125F6E64300E29675 /* Products */,
			);
			sourceTree = "<group>";
		};
		04448ED125F6E64300E29675 /* Products */ = {
			isa = PBXGroup;
			children = (
				04448ED025F6E64300E29675 /* MemeMe 2.0.app */,
			);
			name = Products;
			sourceTree = "<group>";
		};
		04448ED225F6E64300E29675 /* MemeMe 2.0 */ = {
			isa = PBXGroup;
			children = (
				04448ED325F6E64300E29675 /* AppDelegate.swift */,
				04448ED525F6E64300E29675 /* SceneDelegate.swift */,
				04448ED725F6E64300E29675 /* MemeEditorViewController.swift */,
				048A47C926017E4E0041A4BB /* MemeTableViewController.swift */,
				048A47E12601A87B0041A4BB /* MemeTableViewCell.swift */,
				048A47CD26017E900041A4BB /* MemeCollectionViewController.swift */,
				048A47D5260189E70041A4BB /* MemeCollectionViewCell.swift */,
				048A47D9260192170041A4BB /* MemeDetailViewController.swift */,
				048A47BB25F8CE890041A4BB /* Meme.swift */,
				04448ED925F6E64300E29675 /* Main.storyboard */,
				04448EDC25F6E64800E29675 /* Assets.xcassets */,
				04448EE125F6E64800E29675 /* Info.plist */,
			);
			path = "MemeMe 2.0";
			sourceTree = "<group>";
		};
/* End PBXGroup section */

/* Begin PBXNativeTarget section */
		04448ECF25F6E64300E29675 /* MemeMe 2.0 */ = {
			isa = PBXNativeTarget;
			buildConfigurationList = 04448EE425F6E64800E29675 /* Build configuration list for PBXNativeTarget "MemeMe 2.0" */;
			buildPhases = (
				04448ECC25F6E64300E29675 /* Sources */,
				04448ECD25F6E64300E29675 /* Frameworks */,
				04448ECE25F6E64300E29675 /* Resources */,
			);
			buildRules = (
			);
			dependencies = (
			);
			name = "MemeMe 2.0";
			productName = "MemeMe 1.0";
			productReference = 04448ED025F6E64300E29675 /* MemeMe 2.0.app */;
			productType = "com.apple.product-type.application";
		};
/* End PBXNativeTarget section */

/* Begin PBXProject section */
		04448EC825F6E64300E29675 /* Project object */ = {
			isa = PBXProject;
			attributes = {
				LastSwiftUpdateCheck = 1240;
				LastUpgradeCheck = 1240;
				TargetAttributes = {
					04448ECF25F6E64300E29675 = {
						CreatedOnToolsVersion = 12.4;
					};
				};
			};
			buildConfigurationList = 04448ECB25F6E64300E29675 /* Build configuration list for PBXProject "MemeMe 2.0" */;
			compatibilityVersion = "Xcode 9.3";
			developmentRegion = en;
			hasScannedForEncodings = 0;
			knownRegions = (
				en,
				Base,
			);
			mainGroup = 04448EC725F6E64300E29675;
			productRefGroup = 04448ED125F6E64300E29675 /* Products */;
			projectDirPath = "";
			projectRoot = "";
			targets = (
				04448ECF25F6E64300E29675 /* MemeMe 2.0 */,
			);
		};
/* End PBXProject section */

/* Begin PBXResourcesBuildPhase section */
		04448ECE25F6E64300E29675 /* Resources */ = {
			isa = PBXResourcesBuildPhase;
			buildActionMask = 2147483647;
			files = (
				04448EE025F6E64800E29675 /* LaunchScreen.storyboard in Resources */,
				04448EDD25F6E64800E29675 /* Assets.xcassets in Resources */,
				04448EDB25F6E64300E29675 /* Main.storyboard in Resources */,
			);
			runOnlyForDeploymentPostprocessing = 0;
		};
/* End PBXResourcesBuildPhase section */

/* Begin PBXSourcesBuildPhase section */
		04448ECC25F6E64300E29675 /* Sources */ = {
			isa = PBXSourcesBuildPhase;
			buildActionMask = 2147483647;
			files = (
				04448ED825F6E64300E29675 /* MemeEditorViewController.swift in Sources */,
				048A47BC25F8CE890041A4BB /* Meme.swift in Sources */,
				04448ED425F6E64300E29675 /* AppDelegate.swift in Sources */,
				04448ED625F6E64300E29675 /* SceneDelegate.swift in Sources */,
				048A47D6260189E70041A4BB /* MemeCollectionViewCell.swift in Sources */,
				048A47CE26017E900041A4BB /* MemeCollectionViewController.swift in Sources */,
				048A47E22601A87B0041A4BB /* MemeTableViewCell.swift in Sources */,
				048A47CA26017E4E0041A4BB /* MemeTableViewController.swift in Sources */,
				048A47DA260192170041A4BB /* MemeDetailViewController.swift in Sources */,
			);
			runOnlyForDeploymentPostprocessing = 0;
		};
/* End PBXSourcesBuildPhase section */

/* Begin PBXVariantGroup section */
		04448ED925F6E64300E29675 /* Main.storyboard */ = {
			isa = PBXVariantGroup;
			children = (
				04448EDA25F6E64300E29675 /* Base */,
			);
			name = Main.storyboard;
			sourceTree = "<group>";
		};
		04448EDE25F6E64800E29675 /* LaunchScreen.storyboard */ = {
			isa = PBXVariantGroup;
			children = (
				04448EDF25F6E64800E29675 /* Base */,
			);
			name = LaunchScreen.storyboard;
			sourceTree = "<group>";
		};
/* End PBXVariantGroup section */

/* Begin XCBuildConfiguration section */
		04448EE225F6E64800E29675 /* Debug */ = {
			isa = XCBuildConfiguration;
			buildSettings = {
				ALWAYS_SEARCH_USER_PATHS = NO;
				CLANG_ANALYZER_NONNULL = YES;
				CLANG_ANALYZER_NUMBER_OBJECT_CONVERSION = YES_AGGRESSIVE;
				CLANG_CXX_LANGUAGE_STANDARD = "gnu++14";
				CLANG_CXX_LIBRARY = "libc++";
				CLANG_ENABLE_MODULES = YES;
				CLANG_ENABLE_OBJC_ARC = YES;
				CLANG_ENABLE_OBJC_WEAK = YES;
				CLANG_WARN_BLOCK_CAPTURE_AUTORELEASING = YES;
				CLANG_WARN_BOOL_CONVERSION = YES;
				CLANG_WARN_COMMA = YES;
				CLANG_WARN_CONSTANT_CONVERSION = YES;
				CLANG_WARN_DEPRECATED_OBJC_IMPLEMENTATIONS = YES;
				CLANG_WARN_DIRECT_OBJC_ISA_USAGE = YES_ERROR;
				CLANG_WARN_DOCUMENTATION_COMMENTS = YES;
				CLANG_WARN_EMPTY_BODY = YES;
				CLANG_WARN_ENUM_CONVERSION = YES;
				CLANG_WARN_INFINITE_RECURSION = YES;
				CLANG_WARN_INT_CONVERSION = YES;
				CLANG_WARN_NON_LITERAL_NULL_CONVERSION = YES;
				CLANG_WARN_OBJC_IMPLICIT_RETAIN_SELF = YES;
				CLANG_WARN_OBJC_LITERAL_CONVERSION = YES;
				CLANG_WARN_OBJC_ROOT_CLASS = YES_ERROR;
				CLANG_WARN_QUOTED_INCLUDE_IN_FRAMEWORK_HEADER = YES;
				CLANG_WARN_RANGE_LOOP_ANALYSIS = YES;
				CLANG_WARN_STRICT_PROTOTYPES = YES;
				CLANG_WARN_SUSPICIOUS_MOVE = YES;
				CLANG_WARN_UNGUARDED_AVAILABILITY = YES_AGGRESSIVE;
				CLANG_WARN_UNREACHABLE_CODE = YES;
				CLANG_WARN__DUPLICATE_METHOD_MATCH = YES;
				COPY_PHASE_STRIP = NO;
				DEBUG_INFORMATION_FORMAT = dwarf;
				ENABLE_STRICT_OBJC_MSGSEND = YES;
				ENABLE_TESTABILITY = YES;
				GCC_C_LANGUAGE_STANDARD = gnu11;
				GCC_DYNAMIC_NO_PIC = NO;
				GCC_NO_COMMON_BLOCKS = YES;
				GCC_OPTIMIZATION_LEVEL = 0;
				GCC_PREPROCESSOR_DEFINITIONS = (
					"DEBUG=1",
					"$(inherited)",
				);
				GCC_WARN_64_TO_32_BIT_CONVERSION = YES;
				GCC_WARN_ABOUT_RETURN_TYPE = YES_ERROR;
				GCC_WARN_UNDECLARED_SELECTOR = YES;
				GCC_WARN_UNINITIALIZED_AUTOS = YES_AGGRESSIVE;
				GCC_WARN_UNUSED_FUNCTION = YES;
				GCC_WARN_UNUSED_VARIABLE = YES;
				IPHONEOS_DEPLOYMENT_TARGET = 14.4;
				MTL_ENABLE_DEBUG_INFO = INCLUDE_SOURCE;
				MTL_FAST_MATH = YES;
				ONLY_ACTIVE_ARCH = YES;
				SDKROOT = iphoneos;
				SWIFT_ACTIVE_COMPILATION_CONDITIONS = DEBUG;
				SWIFT_OPTIMIZATION_LEVEL = "-Onone";
			};
			name = Debug;
		};
		04448EE325F6E64800E29675 /* Release */ = {
			isa = XCBuildConfiguration;
			buildSettings = {
				ALWAYS_SEARCH_USER_PATHS = NO;
				CLANG_ANALYZER_NONNULL = YES;
				CLANG_ANALYZER_NUMBER_OBJECT_CONVERSION = YES_AGGRESSIVE;
				CLANG_CXX_LANGUAGE_STANDARD = "gnu++14";
				CLANG_CXX_LIBRARY = "libc++";
				CLANG_ENABLE_MODULES = YES;
				CLANG_ENABLE_OBJC_ARC = YES;
				CLANG_ENABLE_OBJC_WEAK = YES;
				CLANG_WARN_BLOCK_CAPTURE_AUTORELEASING = YES;
				CLANG_WARN_BOOL_CONVERSION = YES;
				CLANG_WARN_COMMA = YES;
				CLANG_WARN_CONSTANT_CONVERSION = YES;
				CLANG_WARN_DEPRECATED_OBJC_IMPLEMENTATIONS = YES;
				CLANG_WARN_DIRECT_OBJC_ISA_USAGE = YES_ERROR;
				CLANG_WARN_DOCUMENTATION_COMMENTS = YES;
				CLANG_WARN_EMPTY_BODY = YES;
				CLANG_WARN_ENUM_CONVERSION = YES;
				CLANG_WARN_INFINITE_RECURSION = YES;
				CLANG_WARN_INT_CONVERSION = YES;
				CLANG_WARN_NON_LITERAL_NULL_CONVERSION = YES;
				CLANG_WARN_OBJC_IMPLICIT_RETAIN_SELF = YES;
				CLANG_WARN_OBJC_LITERAL_CONVERSION = YES;
				CLANG_WARN_OBJC_ROOT_CLASS = YES_ERROR;
				CLANG_WARN_QUOTED_INCLUDE_IN_FRAMEWORK_HEADER = YES;
				CLANG_WARN_RANGE_LOOP_ANALYSIS = YES;
				CLANG_WARN_STRICT_PROTOTYPES = YES;
				CLANG_WARN_SUSPICIOUS_MOVE = YES;
				CLANG_WARN_UNGUARDED_AVAILABILITY = YES_AGGRESSIVE;
				CLANG_WARN_UNREACHABLE_CODE = YES;
				CLANG_WARN__DUPLICATE_METHOD_MATCH = YES;
				COPY_PHASE_STRIP = NO;
				DEBUG_INFORMATION_FORMAT = "dwarf-with-dsym";
				ENABLE_NS_ASSERTIONS = NO;
				ENABLE_STRICT_OBJC_MSGSEND = YES;
				GCC_C_LANGUAGE_STANDARD = gnu11;
				GCC_NO_COMMON_BLOCKS = YES;
				GCC_WARN_64_TO_32_BIT_CONVERSION = YES;
				GCC_WARN_ABOUT_RETURN_TYPE = YES_ERROR;
				GCC_WARN_UNDECLARED_SELECTOR = YES;
				GCC_WARN_UNINITIALIZED_AUTOS = YES_AGGRESSIVE;
				GCC_WARN_UNUSED_FUNCTION = YES;
				GCC_WARN_UNUSED_VARIABLE = YES;
				IPHONEOS_DEPLOYMENT_TARGET = 14.4;
				MTL_ENABLE_DEBUG_INFO = NO;
				MTL_FAST_MATH = YES;
				SDKROOT = iphoneos;
				SWIFT_COMPILATION_MODE = wholemodule;
				SWIFT_OPTIMIZATION_LEVEL = "-O";
				VALIDATE_PRODUCT = YES;
			};
			name = Release;
		};
		04448EE525F6E64800E29675 /* Debug */ = {
			isa = XCBuildConfiguration;
			buildSettings = {
				ASSETCATALOG_COMPILER_APPICON_NAME = AppIcon;
				ASSETCATALOG_COMPILER_GLOBAL_ACCENT_COLOR_NAME = AccentColor;
				CODE_SIGN_STYLE = Automatic;
				DEVELOPMENT_TEAM = 8N2A7D66HG;
				INFOPLIST_FILE = "MemeMe 2.0/Info.plist";
				LD_RUNPATH_SEARCH_PATHS = (
					"$(inherited)",
					"@executable_path/Frameworks",
				);
				PRODUCT_BUNDLE_IDENTIFIER = "anmol.MemeMe-2-0";
				PRODUCT_NAME = "$(TARGET_NAME)";
				SWIFT_VERSION = 5.0;
				TARGETED_DEVICE_FAMILY = "1,2";
			};
			name = Debug;
		};
		04448EE625F6E64800E29675 /* Release */ = {
			isa = XCBuildConfiguration;
			buildSettings = {
				ASSETCATALOG_COMPILER_APPICON_NAME = AppIcon;
				ASSETCATALOG_COMPILER_GLOBAL_ACCENT_COLOR_NAME = AccentColor;
				CODE_SIGN_STYLE = Automatic;
				DEVELOPMENT_TEAM = 8N2A7D66HG;
				INFOPLIST_FILE = "MemeMe 2.0/Info.plist";
				LD_RUNPATH_SEARCH_PATHS = (
					"$(inherited)",
					"@executable_path/Frameworks",
				);
				PRODUCT_BUNDLE_IDENTIFIER = "anmol.MemeMe-2-0";
				PRODUCT_NAME = "$(TARGET_NAME)";
				SWIFT_VERSION = 5.0;
				TARGETED_DEVICE_FAMILY = "1,2";
			};
			name = Release;
		};
/* End XCBuildConfiguration section */

/* Begin XCConfigurationList section */
		04448ECB25F6E64300E29675 /* Build configuration list for PBXProject "MemeMe 2.0" */ = {
			isa = XCConfigurationList;
			buildConfigurations = (
				04448EE225F6E64800E29675 /* Debug */,
				04448EE325F6E64800E29675 /* Release */,
			);
			defaultConfigurationIsVisible = 0;
			defaultConfigurationName = Release;
		};
		04448EE425F6E64800E29675 /* Build configuration list for PBXNativeTarget "MemeMe 2.0" */ = {
			isa = XCConfigurationList;
			buildConfigurations = (
				04448EE525F6E64800E29675 /* Debug */,
				04448EE625F6E64800E29675 /* Release */,
			);
			defaultConfigurationIsVisible = 0;
			defaultConfigurationName = Release;
		};
/* End XCConfigurationList section */
	};
	rootObject = 04448EC825F6E64300E29675 /* Project object */;
}
